
Microsoft Visual Studio Solution File, Format Version 12.00
# Visual Studio 2013
Project("{2150E333-8FDC-42A3-9474-1A3956D46DE8}") = "Engine", "Engine", "{EADBA2AB-48C5-46F7-AE8A-EF99B97EBE43}"
EndProject
Project("{2150E333-8FDC-42A3-9474-1A3956D46DE8}") = "Games", "Games", "{4441741E-827D-47FC-B360-C89366F9E0B6}"
EndProject
Project("{8BC9CEB8-8B4A-11D0-8D11-00A0C91BC942}") = "LovnJack", "Intermediate\ProjectFiles\LovnJack.vcxproj", "{1DF6AD0A-C713-4DDE-853F-CAB8D0BAC965}"
	ProjectSection(ProjectDependencies) = postProject
	EndProjectSection
EndProject
Project("{8BC9CEB8-8B4A-11D0-8D11-00A0C91BC942}") = "UE4", "Intermediate\ProjectFiles\UE4.vcxproj", "{8E2E2304-29D4-49A2-B973-AFBEC9702412}"
EndProject
Global
	GlobalSection(SolutionConfigurationPlatforms) = preSolution
		DebugGame Editor|Windows = DebugGame Editor|Windows
		DebugGame|Windows = DebugGame|Windows
		Development Editor|Windows = Development Editor|Windows
		Development|Windows = Development|Windows
		Shipping|Windows = Shipping|Windows
	EndGlobalSection
	GlobalSection(ProjectConfigurationPlatforms) = postSolution
		{1DF6AD0A-C713-4DDE-853F-CAB8D0BAC965}.DebugGame Editor|Windows.ActiveCfg = DebugGame_Editor|x64
		{1DF6AD0A-C713-4DDE-853F-CAB8D0BAC965}.DebugGame Editor|Windows.Build.0 = DebugGame_Editor|x64
		{1DF6AD0A-C713-4DDE-853F-CAB8D0BAC965}.DebugGame|Windows.ActiveCfg = DebugGame_Game|x64
		{1DF6AD0A-C713-4DDE-853F-CAB8D0BAC965}.DebugGame|Windows.Build.0 = DebugGame_Game|x64
		{1DF6AD0A-C713-4DDE-853F-CAB8D0BAC965}.Development Editor|Windows.ActiveCfg = Development_Editor|x64
		{1DF6AD0A-C713-4DDE-853F-CAB8D0BAC965}.Development Editor|Windows.Build.0 = Development_Editor|x64
		{1DF6AD0A-C713-4DDE-853F-CAB8D0BAC965}.Development|Windows.ActiveCfg = Development_Game|x64
		{1DF6AD0A-C713-4DDE-853F-CAB8D0BAC965}.Development|Windows.Build.0 = Development_Game|x64
		{1DF6AD0A-C713-4DDE-853F-CAB8D0BAC965}.Shipping|Windows.ActiveCfg = Shipping_Game|Win32
		{1DF6AD0A-C713-4DDE-853F-CAB8D0BAC965}.Shipping|Windows.Build.0 = Shipping_Game|Win32
	EndGlobalSection
	GlobalSection(SolutionProperties) = preSolution
		HideSolutionNode = FALSE
	EndGlobalSection
	GlobalSection(NestedProjects) = preSolution
		{8E2E2304-29D4-49A2-B973-AFBEC9702412} = {EADBA2AB-48C5-46F7-AE8A-EF99B97EBE43}
		{1DF6AD0A-C713-4DDE-853F-CAB8D0BAC965} = {4441741E-827D-47FC-B360-C89366F9E0B6}
	EndGlobalSection
EndGlobal
